
Microsoft Visual Studio Solution File, Format Version 12.00
# Visual Studio 15
VisualStudioVersion = 15.0.27130.2027
MinimumVisualStudioVersion = 10.0.40219.1
Project("{888888A0-9F3D-457C-B088-3A5042F75D52}") = "articleformater", "articleformater\articleformater.pyproj", "{8F536A5F-71CB-4C12-9E89-FA41D619FC8F}"
EndProject
Global
	GlobalSection(SolutionConfigurationPlatforms) = preSolution
		Debug|Any CPU = Debug|Any CPU
		Release|Any CPU = Release|Any CPU
	EndGlobalSection
	GlobalSection(ProjectConfigurationPlatforms) = postSolution
		{8F536A5F-71CB-4C12-9E89-FA41D619FC8F}.Debug|Any CPU.ActiveCfg = Debug|Any CPU
		{8F536A5F-71CB-4C12-9E89-FA41D619FC8F}.Release|Any CPU.ActiveCfg = Release|Any CPU
	EndGlobalSection
	GlobalSection(SolutionProperties) = preSolution
		HideSolutionNode = FALSE
	EndGlobalSection
	GlobalSection(ExtensibilityGlobals) = postSolution
		SolutionGuid = {FE251B07-8861-4652-B21B-2C79F51879E2}
	EndGlobalSection
EndGlobal
