
Microsoft Visual Studio Solution File, Format Version 12.00
# Visual Studio 15
VisualStudioVersion = 15.0.27130.2027
MinimumVisualStudioVersion = 10.0.40219.1
Project("{888888A0-9F3D-457C-B088-3A5042F75D52}") = "articleformater", "articleformater\articleformater.pyproj", "{CB5D1251-402E-438D-BB5E-835EB97D9B6B}"
EndProject
Global
	GlobalSection(SolutionConfigurationPlatforms) = preSolution
		Debug|Any CPU = Debug|Any CPU
		Release|Any CPU = Release|Any CPU
	EndGlobalSection
	GlobalSection(ProjectConfigurationPlatforms) = postSolution
		{CB5D1251-402E-438D-BB5E-835EB97D9B6B}.Debug|Any CPU.ActiveCfg = Debug|Any CPU
		{CB5D1251-402E-438D-BB5E-835EB97D9B6B}.Release|Any CPU.ActiveCfg = Release|Any CPU
	EndGlobalSection
	GlobalSection(SolutionProperties) = preSolution
		HideSolutionNode = FALSE
	EndGlobalSection
	GlobalSection(ExtensibilityGlobals) = postSolution
		SolutionGuid = {A3715FE6-B4AD-40AC-B8E8-B461B799CDAA}
	EndGlobalSection
EndGlobal
